
Microsoft Visual Studio Solution File, Format Version 12.00
# Visual Studio Version 17
VisualStudioVersion = 17.4.33205.214
MinimumVisualStudioVersion = 10.0.40219.1
Project("{FAE04EC0-301F-11D3-BF4B-00C04F79EFBC}") = "Practicum_1", "Practicum_1\Practicum_1.csproj", "{C78E4CB5-C2D4-4A01-836A-FA06250E988C}"
EndProject
Project("{FAE04EC0-301F-11D3-BF4B-00C04F79EFBC}") = "Enemies", "Enemies\Enemies.csproj", "{B9BDA9AE-7321-476A-BA41-C0753048C774}"
EndProject
Project("{FAE04EC0-301F-11D3-BF4B-00C04F79EFBC}") = "tovar", "tovar\tovar.csproj", "{4CF3F6D0-1351-4BC1-97A0-A7B9C81F7299}"
EndProject
Global
	GlobalSection(SolutionConfigurationPlatforms) = preSolution
		Debug|Any CPU = Debug|Any CPU
		Release|Any CPU = Release|Any CPU
	EndGlobalSection
	GlobalSection(ProjectConfigurationPlatforms) = postSolution
		{C78E4CB5-C2D4-4A01-836A-FA06250E988C}.Debug|Any CPU.ActiveCfg = Debug|Any CPU
		{C78E4CB5-C2D4-4A01-836A-FA06250E988C}.Debug|Any CPU.Build.0 = Debug|Any CPU
		{C78E4CB5-C2D4-4A01-836A-FA06250E988C}.Release|Any CPU.ActiveCfg = Release|Any CPU
		{C78E4CB5-C2D4-4A01-836A-FA06250E988C}.Release|Any CPU.Build.0 = Release|Any CPU
		{B9BDA9AE-7321-476A-BA41-C0753048C774}.Debug|Any CPU.ActiveCfg = Debug|Any CPU
		{B9BDA9AE-7321-476A-BA41-C0753048C774}.Debug|Any CPU.Build.0 = Debug|Any CPU
		{B9BDA9AE-7321-476A-BA41-C0753048C774}.Release|Any CPU.ActiveCfg = Release|Any CPU
		{B9BDA9AE-7321-476A-BA41-C0753048C774}.Release|Any CPU.Build.0 = Release|Any CPU
		{4CF3F6D0-1351-4BC1-97A0-A7B9C81F7299}.Debug|Any CPU.ActiveCfg = Debug|Any CPU
		{4CF3F6D0-1351-4BC1-97A0-A7B9C81F7299}.Debug|Any CPU.Build.0 = Debug|Any CPU
		{4CF3F6D0-1351-4BC1-97A0-A7B9C81F7299}.Release|Any CPU.ActiveCfg = Release|Any CPU
		{4CF3F6D0-1351-4BC1-97A0-A7B9C81F7299}.Release|Any CPU.Build.0 = Release|Any CPU
	EndGlobalSection
	GlobalSection(SolutionProperties) = preSolution
		HideSolutionNode = FALSE
	EndGlobalSection
	GlobalSection(ExtensibilityGlobals) = postSolution
		SolutionGuid = {7EDE5193-E2FF-4CCF-88F0-BAA3FBE5E68C}
	EndGlobalSection
EndGlobal
